
Microsoft Visual Studio Solution File, Format Version 12.00
# Visual Studio Version 16
VisualStudioVersion = 16.0.32413.511
MinimumVisualStudioVersion = 10.0.40219.1
Project("{FAE04EC0-301F-11D3-BF4B-00C04F79EFBC}") = "GeometryFall", "GeometryFall.csproj", "{00260F8C-7E77-4F85-80E9-716428A00271}"
EndProject
Global
	GlobalSection(SolutionConfigurationPlatforms) = preSolution
		Debug|Any CPU = Debug|Any CPU
		Release|Any CPU = Release|Any CPU
	EndGlobalSection
	GlobalSection(ProjectConfigurationPlatforms) = postSolution
		{00260F8C-7E77-4F85-80E9-716428A00271}.Debug|Any CPU.ActiveCfg = Debug|Any CPU
		{00260F8C-7E77-4F85-80E9-716428A00271}.Debug|Any CPU.Build.0 = Debug|Any CPU
		{00260F8C-7E77-4F85-80E9-716428A00271}.Release|Any CPU.ActiveCfg = Release|Any CPU
		{00260F8C-7E77-4F85-80E9-716428A00271}.Release|Any CPU.Build.0 = Release|Any CPU
	EndGlobalSection
	GlobalSection(SolutionProperties) = preSolution
		HideSolutionNode = FALSE
	EndGlobalSection
	GlobalSection(ExtensibilityGlobals) = postSolution
		SolutionGuid = {B1FC45AA-7A8C-445F-B053-38DA453033CD}
	EndGlobalSection
EndGlobal
